
Microsoft Visual Studio Solution File, Format Version 12.00
# Visual Studio 14
VisualStudioVersion = 14.0.24720.0
MinimumVisualStudioVersion = 10.0.40219.1
Project("{FAE04EC0-301F-11D3-BF4B-00C04F79EFBC}") = "Prorips_Web", "Prorips_Web\Prorips_Web.csproj", "{0F3DD526-714A-4BC0-ADD7-115E32C07A0B}"
EndProject
Project("{FAE04EC0-301F-11D3-BF4B-00C04F79EFBC}") = "Prorips_Web.Tests", "Prorips_Web.Tests\Prorips_Web.Tests.csproj", "{1C260E28-1A06-4CE2-BBEC-35032F6FF98C}"
EndProject
Global
	GlobalSection(SolutionConfigurationPlatforms) = preSolution
		Debug|Any CPU = Debug|Any CPU
		Release|Any CPU = Release|Any CPU
	EndGlobalSection
	GlobalSection(ProjectConfigurationPlatforms) = postSolution
		{0F3DD526-714A-4BC0-ADD7-115E32C07A0B}.Debug|Any CPU.ActiveCfg = Debug|Any CPU
		{0F3DD526-714A-4BC0-ADD7-115E32C07A0B}.Debug|Any CPU.Build.0 = Debug|Any CPU
		{0F3DD526-714A-4BC0-ADD7-115E32C07A0B}.Release|Any CPU.ActiveCfg = Release|Any CPU
		{0F3DD526-714A-4BC0-ADD7-115E32C07A0B}.Release|Any CPU.Build.0 = Release|Any CPU
		{1C260E28-1A06-4CE2-BBEC-35032F6FF98C}.Debug|Any CPU.ActiveCfg = Debug|Any CPU
		{1C260E28-1A06-4CE2-BBEC-35032F6FF98C}.Debug|Any CPU.Build.0 = Debug|Any CPU
		{1C260E28-1A06-4CE2-BBEC-35032F6FF98C}.Release|Any CPU.ActiveCfg = Release|Any CPU
		{1C260E28-1A06-4CE2-BBEC-35032F6FF98C}.Release|Any CPU.Build.0 = Release|Any CPU
	EndGlobalSection
	GlobalSection(SolutionProperties) = preSolution
		HideSolutionNode = FALSE
	EndGlobalSection
EndGlobal
